<Project xmlns="http://schemas.microsoft.com/developer/msbuild/2003">
    <PropertyGroup>
        <Base>True</Base>
        <AppType>Console</AppType>
        <Config Condition="'$(Config)'==''">Release</Config>
        <FrameworkType>None</FrameworkType>
        <MainSource>Dext.Web.UnitTests.dpr</MainSource>
        <Platform Condition="'$(Platform)'==''">Win32</Platform>
        <ProjectGuid>{740F4258-92A6-4FA6-BCED-B4333D2D7583}</ProjectGuid>
        <ProjectName Condition="'$(ProjectName)'==''">Dext.Web.UnitTests</ProjectName>
        <ProjectVersion>20.4</ProjectVersion>
        <TargetedPlatforms>1</TargetedPlatforms>
    </PropertyGroup>
    <PropertyGroup Condition="'$(Config)'=='Base' or '$(Base)'!=''">
        <Base>true</Base>
    </PropertyGroup>
    <PropertyGroup Condition="('$(Platform)'=='Win32' and '$(Base)'=='true') or '$(Base_Win32)'!=''">
        <Base_Win32>true</Base_Win32>
        <CfgParent>Base</CfgParent>
        <Base>true</Base>
    </PropertyGroup>
    <PropertyGroup Condition="'$(Config)'=='Debug' or '$(Cfg_1)'!=''">
        <Cfg_1>true</Cfg_1>
        <CfgParent>Base</CfgParent>
        <Base>true</Base>
    </PropertyGroup>
    <PropertyGroup Condition="('$(Platform)'=='Win32' and '$(Cfg_1)'=='true') or '$(Cfg_1_Win32)'!=''">
        <Cfg_1_Win32>true</Cfg_1_Win32>
        <CfgParent>Cfg_1</CfgParent>
        <Cfg_1>true</Cfg_1>
        <Base>true</Base>
    </PropertyGroup>
    <PropertyGroup Condition="'$(Config)'=='Release' or '$(Cfg_2)'!=''">
        <Cfg_2>true</Cfg_2>
        <CfgParent>Base</CfgParent>
        <Base>true</Base>
    </PropertyGroup>
    <PropertyGroup Condition="'$(Base)'!=''">
        <SanitizedProjectName>Dext_Web_UnitTests</SanitizedProjectName>
        <DCC_DcuOutput>..\Output\$(ProductVersion)\$(Platform)\$(Config)</DCC_DcuOutput>
        <DCC_ExeOutput>..\Output</DCC_ExeOutput>
        <DCC_Namespace>System;Xml;Data;Datasnap;Web;Soap;$(DCC_Namespace)</DCC_Namespace>
        <DCC_UnitSearchPath>..\..\Libs\FastMM5;..\..\Sources\Common;..\..\Sources\Core;..\..\Sources\Core\Base;..\..\Sources\Core\Json;..\..\Sources\Core\Interception;..\..\Sources\Web;..\..\Sources\Net;..\..\Sources\ORM;..\..\Sources\Logging;..\..\Sources\JSON;..\..\Sources\Testing;..\..\Sources\Server;..\..\Sources\Hosting;..\..\Sources\Hosting\CLI;..\..\Sources\Data;..\..\Sources\Events;..\..\Sources\Hubs;..\..\Sources\Hubs\Transports;..\..\Sources\AI;..\..\Sources\AI\MCP;..\..\Sources\UI;..\..\Sources\Performance;..\..\Sources\Debug;..\..\Sources\Design;..\..\Sources\Dashboard;..\..\Output\$(ProductVersion)\$(Platform)\$(Config);$(DCC_UnitSearchPath)</DCC_UnitSearchPath>
        <VerInfo_Keys>CompanyName=;FileDescription=$(MSBuildProjectName);FileVersion=1.0.0.0;InternalName=;LegalCopyright=;LegalTrademarks=;OriginalFilename=;ProgramID=com.embarcadero.$(MSBuildProjectName);ProductName=$(MSBuildProjectName);ProductVersion=1.0.0.0;Comments=</VerInfo_Keys>
        <VerInfo_Locale>1046</VerInfo_Locale>
    </PropertyGroup>
    <PropertyGroup Condition="'$(Base_Win32)'!=''">
        <AppDPIAwarenessMode>none</AppDPIAwarenessMode>
        <BT_BuildType>Debug</BT_BuildType>
        <DCC_Namespace>Winapi;System.Win;Data.Win;Datasnap.Win;Web.Win;Soap.Win;Xml.Win;Bde;$(DCC_Namespace)</DCC_Namespace>
        <DCC_UsePackage>vclwinx;DataSnapServer;fmx;emshosting;DbxCommonDriver;vclie;bindengine;IndyIPCommon;VCLRESTComponents;DBXMSSQLDriver;FireDACCommonODBC;emsclient;FireDACCommonDriver;IndyProtocols;vclx;Skia.Package.RTL;IndyIPClient;dbxcds;vcledge;bindcompvclwinx;FmxTeeUI;emsedge;bindcompfmx;DBXFirebirdDriver;madBasic_;inetdb;ibmonitor;FireDACSqliteDriver;DbxClientDriver;FireDACASADriver;Tee;soapmidas;vclactnband;TeeUI;fmxFireDAC;dbexpress;FireDACInfxDriver;DBXMySQLDriver;VclSmp;inet;DataSnapCommon;fmxase;vcltouch;DBXOdbcDriver;dbrtl;FireDACDBXDriver;Skia.Package.FMX;FireDACOracleDriver;fmxdae;TeeDB;FireDACMSAccDriver;Photon.FMX;CustomIPTransport;FireDACMSSQLDriver;DataSnapIndy10ServerTransport;DataSnapConnectors;vcldsnap;DBXInterBaseDriver;madExcept_;FireDACMongoDBDriver;IndySystem;Photon.FMX.Design;FireDACTDataDriver;Skia.Package.VCL;vcldb;ibxbindings;vclFireDAC;madDisAsm_;bindcomp;FireDACCommon;DataSnapServerMidas;FireDACODBCDriver;emsserverresource;inetstn;IndyCore;RESTBackendComponents;bindcompdbx;rtl;FireDACMySQLDriver;TextEditor.Delphi.Runtime;FireDACADSDriver;RESTComponents;DBXSqliteDriver;vcl;IndyIPServer;dsnapxml;dsnapcon;DataSnapClient;DataSnapProviderClient;adortl;DBXSybaseASEDriver;DBXDb2Driver;vclimg;DataSnapFireDAC;emsclientfiredac;FireDACPgDriver;FireDAC;FireDACDSDriver;inetdbxpress;xmlrtl;tethering;ibxpress;bindcompvcl;dsnap;CloudService;DBXSybaseASADriver;DBXOracleDriver;FireDACDb2Driver;DBXInformixDriver;vclib;fmxobj;bindcompvclsmp;FMXTee;DataSnapNativeClient;DatasnapConnectorsFreePascal;soaprtl;soapserver;FireDACIBDriver;$(DCC_UsePackage)</DCC_UsePackage>
        <Manifest_File>(None)</Manifest_File>
        <VerInfo_Locale>1033</VerInfo_Locale>
    </PropertyGroup>
    <PropertyGroup Condition="'$(Cfg_1)'!=''">
        <DCC_DebugDCUs>true</DCC_DebugDCUs>
        <DCC_DebugInfoInExe>true</DCC_DebugInfoInExe>
        <DCC_Define>DEBUG;$(DCC_Define)</DCC_Define>
        <DCC_GenerateStackFrames>true</DCC_GenerateStackFrames>
        <DCC_IntegerOverflowCheck>false</DCC_IntegerOverflowCheck>
        <DCC_Optimize>false</DCC_Optimize>
        <DCC_RangeChecking>false</DCC_RangeChecking>
        <DCC_RemoteDebug>true</DCC_RemoteDebug>
    </PropertyGroup>
    <PropertyGroup Condition="'$(Cfg_1_Win32)'!=''">
        <DCC_MapFile>3</DCC_MapFile>
        <DCC_RemoteDebug>false</DCC_RemoteDebug>
    </PropertyGroup>
    <PropertyGroup Condition="'$(Cfg_2)'!=''">
        <DCC_DebugInformation>0</DCC_DebugInformation>
        <DCC_Define>RELEASE;$(DCC_Define)</DCC_Define>
        <DCC_LocalDebugSymbols>false</DCC_LocalDebugSymbols>
        <DCC_SymbolReferenceInfo>0</DCC_SymbolReferenceInfo>
    </PropertyGroup>
    <ItemGroup>
        <DelphiCompile Include="$(MainSource)">
            <MainSource>MainSource</MainSource>
        </DelphiCompile>
        <DCCReference Include="Dext.Web.DataApi.Resolver.Tests.pas"/>
        <DCCReference Include="Dext.Web.DataApi.Tests.pas"/>
        <DCCReference Include="Dext.Web.Json.Tests.pas"/>
        <DCCReference Include="Dext.Web.Binding.Tests.pas"/>
        <DCCReference Include="Dext.Web.Features.Tests.pas"/>
        <DCCReference Include="Dext.Web.DataApi.Utils.Tests.pas"/>
        <DCCReference Include="Dext.Web.Hosting.Tests.pas"/>
        <DCCReference Include="Dext.Web.Lifecycle.Tests.pas"/>
        <DCCReference Include="Dext.Web.Htmx.Tests.pas"/>
        <DCCReference Include="Dext.Logging.Sinks.APM.Tests.pas"/>
        <DCCReference Include="Dext.WebSocket.Tests.pas"/>
        <DCCReference Include="Dext.Web.PathBase.Tests.pas"/>
        <DCCReference Include="..\Common\Dext.Web.Mocks.pas"/>
        <DCCReference Include="Test_Dext.Http2.Connection.pas"/>
        <DCCReference Include="Test_Dext.Http2.Framing.pas"/>
        <DCCReference Include="Test_Dext.Http2.Hpack.pas"/>
        <DCCReference Include="Test_Dext.Http2.Stream.pas"/>
        <BuildConfiguration Include="Base">
            <Key>Base</Key>
        </BuildConfiguration>
        <BuildConfiguration Include="Debug">
            <Key>Cfg_1</Key>
            <CfgParent>Base</CfgParent>
        </BuildConfiguration>
        <BuildConfiguration Include="Release">
            <Key>Cfg_2</Key>
            <CfgParent>Base</CfgParent>
        </BuildConfiguration>
    </ItemGroup>
    <ProjectExtensions>
        <Borland.Personality>Delphi.Personality.12</Borland.Personality>
        <Borland.ProjectType>Application</Borland.ProjectType>
        <BorlandProject>
            <Delphi.Personality>
                <Source>
                    <Source Name="MainSource">Dext.Web.UnitTests.dpr</Source>
                </Source>
                <Excluded_Packages/>
            </Delphi.Personality>
            <Platforms>
                <Platform value="Android">False</Platform>
                <Platform value="Android64">False</Platform>
                <Platform value="Linux64">False</Platform>
                <Platform value="OSX64">False</Platform>
                <Platform value="OSXARM64">False</Platform>
                <Platform value="Win32">True</Platform>
                <Platform value="Win64">False</Platform>
                <Platform value="Win64x">False</Platform>
                <Platform value="WinARM64EC">False</Platform>
                <Platform value="iOSDevice64">False</Platform>
                <Platform value="iOSSimARM64">False</Platform>
            </Platforms>
        </BorlandProject>
        <ProjectFileVersion>12</ProjectFileVersion>
    </ProjectExtensions>
    <Import Project="$(BDS)\Bin\CodeGear.Delphi.Targets" Condition="Exists('$(BDS)\Bin\CodeGear.Delphi.Targets')"/>
    <Import Project="$(APPDATA)\Embarcadero\$(BDSAPPDATABASEDIR)\$(PRODUCTVERSION)\UserTools.proj" Condition="Exists('$(APPDATA)\Embarcadero\$(BDSAPPDATABASEDIR)\$(PRODUCTVERSION)\UserTools.proj')"/>
    <Import Project="$(MSBuildProjectName).deployproj" Condition="Exists('$(MSBuildProjectName).deployproj')"/>
</Project>
