<Project xmlns="http://schemas.microsoft.com/developer/msbuild/2003">
    <PropertyGroup>
        <Base>True</Base>
        <AppType>Package</AppType>
        <Config Condition="'$(Config)'==''">Release</Config>
        <FrameworkType>None</FrameworkType>
        <MainSource>Dext.Web.Core.dpk</MainSource>
        <Platform Condition="'$(Platform)'==''">Win32</Platform>
        <ProjectGuid>{257BA51B-4993-4F54-A190-67E6B947E5DF}</ProjectGuid>
        <ProjectName Condition="'$(ProjectName)'==''">Dext.Web.Core</ProjectName>
        <ProjectVersion>20.4</ProjectVersion>
        <TargetedPlatforms>131</TargetedPlatforms>
    </PropertyGroup>
    <PropertyGroup Condition="'$(Config)'=='Base' or '$(Base)'!=''">
        <Base>true</Base>
    </PropertyGroup>
    <PropertyGroup Condition="('$(Platform)'=='Win32' and '$(Base)'=='true') or '$(Base_Win32)'!=''">
        <Base_Win32>true</Base_Win32>
        <CfgParent>Base</CfgParent>
        <Base>true</Base>
    </PropertyGroup>
    <PropertyGroup Condition="('$(Platform)'=='Win64' and '$(Base)'=='true') or '$(Base_Win64)'!=''">
        <Base_Win64>true</Base_Win64>
        <CfgParent>Base</CfgParent>
        <Base>true</Base>
    </PropertyGroup>
    <PropertyGroup Condition="'$(Config)'=='Release' or '$(Cfg_1)'!=''">
        <Cfg_1>true</Cfg_1>
        <CfgParent>Base</CfgParent>
        <Base>true</Base>
    </PropertyGroup>
    <PropertyGroup Condition="'$(Config)'=='Debug' or '$(Cfg_2)'!=''">
        <Cfg_2>true</Cfg_2>
        <CfgParent>Base</CfgParent>
        <Base>true</Base>
    </PropertyGroup>
    <PropertyGroup Condition="'$(Base)'!=''">
        <SanitizedProjectName>Dext_Web_Core</SanitizedProjectName>
        <DCC_BplOutput>..\..\Output\22.0\$(Platform)\$(Config)</DCC_BplOutput>
        <DCC_DcpOutput>..\..\Output\22.0\$(Platform)\$(Config)</DCC_DcpOutput>
        <DCC_DcuOutput>..\..\Output\22.0\$(Platform)\$(Config)</DCC_DcuOutput>
        <DCC_Description>Dext Framework - Web &amp; HTTP</DCC_Description>
        <DCC_ImageBase>00400000</DCC_ImageBase>
        <DCC_Namespace>System;Xml;Data;Datasnap;Web;Soap;$(DCC_Namespace)</DCC_Namespace>
        <DCC_OutputNeverBuildDcps>true</DCC_OutputNeverBuildDcps>
        <DCC_UnitSearchPath>..\..\Sources\Common;$(DCC_UnitSearchPath)</DCC_UnitSearchPath>
        <DllSuffix>$(Auto)</DllSuffix>
        <GenDll>true</GenDll>
        <GenPackage>true</GenPackage>
        <RuntimeOnlyPackage>true</RuntimeOnlyPackage>
        <VerInfo_Keys>CompanyName=;FileDescription=;FileVersion=1.0.0.0;InternalName=;LegalCopyright=;LegalTrademarks=;OriginalFilename=;ProductName=;ProductVersion=1.0.0.0;Comments=;CFBundleName=</VerInfo_Keys>
        <VerInfo_Locale>1046</VerInfo_Locale>
    </PropertyGroup>
    <PropertyGroup Condition="'$(Base_Win32)'!=''">
        <BT_BuildType>Debug</BT_BuildType>
        <DCC_Namespace>Winapi;System.Win;Data.Win;Datasnap.Win;Web.Win;Soap.Win;Xml.Win;Bde;$(DCC_Namespace)</DCC_Namespace>
        <VerInfo_IncludeVerInfo>true</VerInfo_IncludeVerInfo>
        <VerInfo_Keys>CompanyName=;FileDescription=$(MSBuildProjectName);FileVersion=1.0.0.0;InternalName=;LegalCopyright=;LegalTrademarks=;OriginalFilename=;ProgramID=com.embarcadero.$(MSBuildProjectName);ProductName=$(MSBuildProjectName);ProductVersion=1.0.0.0;Comments=</VerInfo_Keys>
        <VerInfo_Locale>1033</VerInfo_Locale>
    </PropertyGroup>
    <PropertyGroup Condition="'$(Base_Win64)'!=''">
        <BT_BuildType>Debug</BT_BuildType>
        <DCC_Namespace>Winapi;System.Win;Data.Win;Datasnap.Win;Web.Win;Soap.Win;Xml.Win;$(DCC_Namespace)</DCC_Namespace>
        <VerInfo_IncludeVerInfo>true</VerInfo_IncludeVerInfo>
        <VerInfo_Keys>CompanyName=;FileDescription=$(MSBuildProjectName);FileVersion=1.0.0.0;InternalName=;LegalCopyright=;LegalTrademarks=;OriginalFilename=;ProgramID=com.embarcadero.$(MSBuildProjectName);ProductName=$(MSBuildProjectName);ProductVersion=1.0.0.0;Comments=</VerInfo_Keys>
        <VerInfo_Locale>1033</VerInfo_Locale>
    </PropertyGroup>
    <PropertyGroup Condition="'$(Cfg_1)'!=''">
        <DCC_DebugInformation>0</DCC_DebugInformation>
        <DCC_Define>RELEASE;$(DCC_Define)</DCC_Define>
        <DCC_LocalDebugSymbols>false</DCC_LocalDebugSymbols>
        <DCC_SymbolReferenceInfo>0</DCC_SymbolReferenceInfo>
    </PropertyGroup>
    <PropertyGroup Condition="'$(Cfg_2)'!=''">
        <DCC_Define>DEBUG;$(DCC_Define)</DCC_Define>
        <DCC_GenerateStackFrames>true</DCC_GenerateStackFrames>
        <DCC_IntegerOverflowCheck>true</DCC_IntegerOverflowCheck>
        <DCC_Optimize>false</DCC_Optimize>
        <DCC_RangeChecking>true</DCC_RangeChecking>
    </PropertyGroup>
    <ItemGroup>
        <DelphiCompile Include="$(MainSource)">
            <MainSource>MainSource</MainSource>
        </DelphiCompile>
        <DCCReference Include="rtl.dcp"/>
        <DCCReference Include="IndySystem.dcp"/>
        <DCCReference Include="IndyProtocols.dcp"/>
        <DCCReference Include="IndyCore.dcp"/>
        <DCCReference Include="Dext.Core.dcp"/>
        <DCCReference Include="Dext.EF.Core.dcp"/>
        <DCCReference Include="Dext.Net.Core.dcp"/>
        <DCCReference Include="RESTComponents.dcp"/>
        <DCCReference Include="inet.dcp"/>
        <DCCReference Include="..\..\Sources\Server\Dext.Server.Engine.Types.pas"/>
        <DCCReference Include="..\..\Sources\Server\Dext.Server.Engine.Interfaces.pas"/>
        <DCCReference Include="..\..\Sources\Server\Dext.Server.HttpSys.Api.pas"/>
        <DCCReference Include="..\..\Sources\Server\Dext.Server.HttpSys.pas"/>
        <DCCReference Include="..\..\Sources\Server\Dext.Server.Iocp.HttpParser.pas"/>
        <DCCReference Include="..\..\Sources\Server\Dext.Server.Iocp.pas"/>
        <DCCReference Include="..\..\Sources\Server\Dext.Server.Native.pas"/>
        <DCCReference Include="..\..\Sources\Server\Dext.WebSocket.Protocol.pas"/>
        <DCCReference Include="..\..\Sources\Server\Dext.WebSocket.Handshake.pas"/>
        <DCCReference Include="..\..\Sources\Web\Dext.Auth.Attributes.pas"/>
        <DCCReference Include="..\..\Sources\Web\Dext.Auth.BasicAuth.pas"/>
        <DCCReference Include="..\..\Sources\Web\Dext.Auth.Identity.pas"/>
        <DCCReference Include="..\..\Sources\Web\Dext.Auth.JWT.pas"/>
        <DCCReference Include="..\..\Sources\Web\Dext.Auth.Middleware.pas"/>
        <DCCReference Include="..\..\Sources\Web\Dext.Caching.pas"/>
        <DCCReference Include="..\..\Sources\Web\Dext.Caching.Redis.pas"/>
        <DCCReference Include="..\..\Sources\Web\Dext.DI.Middleware.pas"/>
        <DCCReference Include="..\..\Sources\Web\Dext.Filters.BuiltIn.pas"/>
        <DCCReference Include="..\..\Sources\Web\Dext.Filters.pas"/>
        <DCCReference Include="..\..\Sources\Web\Dext.HealthChecks.pas"/>
        <DCCReference Include="..\..\Sources\Web\Dext.OpenAPI.Attributes.pas"/>
        <DCCReference Include="..\..\Sources\Web\Dext.OpenAPI.Extensions.pas"/>
        <DCCReference Include="..\..\Sources\Web\Dext.OpenAPI.Fluent.pas"/>
        <DCCReference Include="..\..\Sources\Web\Dext.OpenAPI.Generator.pas"/>
        <DCCReference Include="..\..\Sources\Web\Dext.OpenAPI.Types.pas"/>
        <DCCReference Include="..\..\Sources\Web\Dext.RateLimiting.Core.pas"/>
        <DCCReference Include="..\..\Sources\Web\Dext.RateLimiting.Limiters.pas"/>
        <DCCReference Include="..\..\Sources\Web\Dext.RateLimiting.pas"/>
        <DCCReference Include="..\..\Sources\Web\Dext.RateLimiting.Policy.pas"/>
        <DCCReference Include="..\..\Sources\Web\Dext.Swagger.Middleware.pas"/>
        <DCCReference Include="..\..\Sources\Web\Dext.Web.ApplicationBuilder.Extensions.pas"/>
        <DCCReference Include="..\..\Sources\Web\Dext.Web.Builder.pas"/>
        <DCCReference Include="..\..\Sources\Web\Dext.Web.Controllers.pas"/>
        <DCCReference Include="..\..\Sources\Web\Dext.Web.ControllerScanner.pas"/>
        <DCCReference Include="..\..\Sources\Web\Dext.Web.Cors.pas"/>
        <DCCReference Include="..\..\Sources\Web\Dext.Web.DataApi.pas"/>
        <DCCReference Include="..\..\Sources\Web\Dext.Web.DataApi.Resolver.pas"/>
        <DCCReference Include="..\..\Sources\Web\Dext.Web.DataApi.Utils.pas"/>
        <DCCReference Include="..\..\Sources\Web\Dext.Web.DCS.pas"/>
        <DCCReference Include="..\..\Sources\Web\Dext.Web.Extensions.pas"/>
        <DCCReference Include="..\..\Sources\Web\Dext.Web.Formatters.Interfaces.pas"/>
        <DCCReference Include="..\..\Sources\Web\Dext.Web.Formatters.Json.pas"/>
        <DCCReference Include="..\..\Sources\Web\Dext.Web.Formatters.Selector.pas"/>
        <DCCReference Include="..\..\Sources\Web\Dext.Web.HandlerInvoker.pas"/>
        <DCCReference Include="..\..\Sources\Web\Dext.Web.Indy.pas"/>
        <DCCReference Include="..\..\Sources\Web\Dext.Web.Indy.Server.pas"/>
        <DCCReference Include="..\..\Sources\Web\Dext.Web.Indy.SSL.Interfaces.pas"/>
        <DCCReference Include="..\..\Sources\Web\Dext.Web.Indy.SSL.OpenSSL.pas"/>
        <DCCReference Include="..\..\Sources\Web\Dext.Web.Indy.SSL.Taurus.pas"/>
        <DCCReference Include="..\..\Sources\Web\Dext.Web.Indy.Types.pas"/>
        <DCCReference Include="..\..\Sources\Web\Dext.Web.Injection.pas"/>
        <DCCReference Include="..\..\Sources\Web\Dext.Web.Interfaces.pas"/>
        <DCCReference Include="..\..\Sources\Web\Dext.Web.Middleware.Compression.pas"/>
        <DCCReference Include="..\..\Sources\Web\Dext.Web.Middleware.Extensions.pas"/>
        <DCCReference Include="..\..\Sources\Web\Dext.Web.Middleware.Logging.pas"/>
        <DCCReference Include="..\..\Sources\Web\Dext.Web.Middleware.pas"/>
        <DCCReference Include="..\..\Sources\Web\Dext.Web.Middleware.StartupLock.pas"/>
        <DCCReference Include="..\..\Sources\Web\Dext.Web.ModelBinding.pas"/>
        <DCCReference Include="..\..\Sources\Web\Dext.Web.MultiTenancy.pas"/>
        <DCCReference Include="..\..\Sources\Web\Dext.Web.pas"/>
        <DCCReference Include="..\..\Sources\Web\Dext.Web.EntityDataSetApi.pas"/>
        <DCCReference Include="..\..\Sources\Web\Dext.Web.Pipeline.pas"/>
        <DCCReference Include="..\..\Sources\Web\Dext.Web.Results.pas"/>
        <DCCReference Include="..\..\Sources\Web\Dext.Web.Routing.Attributes.pas"/>
        <DCCReference Include="..\..\Sources\Web\Dext.Web.Routing.pas"/>
        <DCCReference Include="..\..\Sources\Web\Dext.Web.RoutingMiddleware.pas"/>
        <DCCReference Include="..\..\Sources\Web\Dext.Web.Sessions.Streamable.pas"/>
        <DCCReference Include="..\..\Sources\Web\Dext.Web.StaticFiles.pas"/>
        <DCCReference Include="..\..\Sources\Web\Dext.Web.Versioning.pas"/>
        <DCCReference Include="..\..\Sources\Web\Dext.Web.View.Native.pas"/>
        <DCCReference Include="..\..\Sources\Web\Dext.Web.View.pas"/>
        <DCCReference Include="..\..\Sources\Web\Dext.Web.View.WebStencils.pas"/>
        <DCCReference Include="..\..\Sources\Web\Dext.Web.WebApplication.pas"/>
        <DCCReference Include="..\..\Sources\Web\Dext.Web.WebBroker.pas"/>
        <DCCReference Include="..\..\Sources\Web\Dext.WebHost.pas"/>
        <DCCReference Include="..\..\Sources\Server\Dext.Http2.Connection.pas"/>
        <DCCReference Include="..\..\Sources\Server\Dext.Http2.Framing.pas"/>
        <DCCReference Include="..\..\Sources\Server\Dext.Http2.Hpack.pas"/>
        <DCCReference Include="..\..\Sources\Server\Dext.Http2.Stream.pas"/>
        <DCCReference Include="..\..\Sources\Server\Dext.Grpc.Codec.pas"/>
        <DCCReference Include="..\..\Sources\Web\Dext.Web.Grpc.Server.pas"/>
        <DCCReference Include="..\..\Sources\Data\Dext.Entity.GrpcProvider.pas"/>
        <DCCReference Include="..\..\Sources\Server\Dext.Server.Epoll.pas"/>
        <DCCReference Include="..\..\Sources\Server\Dext.Server.BoundedExecutor.pas"/>
        <DCCReference Include="..\..\Sources\Web\Dext.Web.ResponseWriter.pas"/>
        <DCCReference Include="..\..\Sources\Web\Dext.Web.Utf8.pas"/>
        <DCCReference Include="..\..\Sources\Server\Dext.WebSocket.Compression.pas"/>
        <DCCReference Include="..\..\Sources\Web\Dext.Web.PathBase.pas"/>
        <DCCReference Include="..\..\Sources\Web\Dext.Web.SecurityHeaders.pas"/>
        <DCCReference Include="..\..\Sources\Web\Dext.Web.ForwardedHeaders.pas"/>
        <DCCReference Include="..\..\Sources\Web\Dext.Web.Antiforgery.pas"/>
        <BuildConfiguration Include="Base">
            <Key>Base</Key>
        </BuildConfiguration>
        <BuildConfiguration Include="Release">
            <Key>Cfg_1</Key>
            <CfgParent>Base</CfgParent>
        </BuildConfiguration>
        <BuildConfiguration Include="Debug">
            <Key>Cfg_2</Key>
            <CfgParent>Base</CfgParent>
        </BuildConfiguration>
    </ItemGroup>
    <ProjectExtensions>
        <Borland.Personality>Delphi.Personality.12</Borland.Personality>
        <Borland.ProjectType>Package</Borland.ProjectType>
        <BorlandProject>
            <Delphi.Personality>
                <Source>
                    <Source Name="MainSource">Dext.Web.Core.dpk</Source>
                </Source>
                <Excluded_Packages/>
            </Delphi.Personality>
            <Platforms>
                <Platform value="Android">False</Platform>
                <Platform value="Android64">False</Platform>
                <Platform value="Linux64">True</Platform>
                <Platform value="OSX64">False</Platform>
                <Platform value="OSXARM64">False</Platform>
                <Platform value="Win32">True</Platform>
                <Platform value="Win64">True</Platform>
                <Platform value="Win64x">False</Platform>
                <Platform value="WinARM64EC">False</Platform>
                <Platform value="iOSDevice64">False</Platform>
                <Platform value="iOSSimARM64">False</Platform>
            </Platforms>
        </BorlandProject>
        <ProjectFileVersion>12</ProjectFileVersion>
    </ProjectExtensions>
    <Import Project="$(BDS)\Bin\CodeGear.Delphi.Targets" Condition="Exists('$(BDS)\Bin\CodeGear.Delphi.Targets')"/>
    <Import Project="$(APPDATA)\Embarcadero\$(BDSAPPDATABASEDIR)\$(PRODUCTVERSION)\UserTools.proj" Condition="Exists('$(APPDATA)\Embarcadero\$(BDSAPPDATABASEDIR)\$(PRODUCTVERSION)\UserTools.proj')"/>
    <Import Project="$(MSBuildProjectName).deployproj" Condition="Exists('$(MSBuildProjectName).deployproj')"/>
</Project>
