<Project xmlns="http://schemas.microsoft.com/developer/msbuild/2003">
    <PropertyGroup>
        <Base>True</Base>
        <AppType>Package</AppType>
        <Config Condition="'$(Config)'==''">Release</Config>
        <FrameworkType>None</FrameworkType>
        <MainSource>Dext.Core.dpk</MainSource>
        <Platform Condition="'$(Platform)'==''">Win32</Platform>
        <ProjectGuid>{42BED2E0-CA2D-4F52-BF35-9F9008B226A5}</ProjectGuid>
        <ProjectVersion>20.4</ProjectVersion>
        <TargetedPlatforms>131</TargetedPlatforms>
    </PropertyGroup>
    <PropertyGroup Condition="'$(Config)'=='Base' or '$(Base)'!=''">
        <Base>true</Base>
    </PropertyGroup>
    <PropertyGroup Condition="('$(Platform)'=='Win32' and '$(Base)'=='true') or '$(Base_Win32)'!=''">
        <Base_Win32>true</Base_Win32>
        <CfgParent>Base</CfgParent>
        <Base>true</Base>
    </PropertyGroup>
    <PropertyGroup Condition="('$(Platform)'=='Win64' and '$(Base)'=='true') or '$(Base_Win64)'!=''">
        <Base_Win64>true</Base_Win64>
        <CfgParent>Base</CfgParent>
        <Base>true</Base>
    </PropertyGroup>
    <PropertyGroup Condition="'$(Config)'=='Release' or '$(Cfg_1)'!=''">
        <Cfg_1>true</Cfg_1>
        <CfgParent>Base</CfgParent>
        <Base>true</Base>
    </PropertyGroup>
    <PropertyGroup Condition="'$(Config)'=='Debug' or '$(Cfg_2)'!=''">
        <Cfg_2>true</Cfg_2>
        <CfgParent>Base</CfgParent>
        <Base>true</Base>
    </PropertyGroup>
    <PropertyGroup Condition="'$(Base)'!=''">
        <SanitizedProjectName>Dext_Core</SanitizedProjectName>
        <DCC_BplOutput>..\..\Output\11.0\$(Platform)\$(Config)</DCC_BplOutput>
        <DCC_DcpOutput>..\..\Output\11.0\$(Platform)\$(Config)</DCC_DcpOutput>
        <DCC_DcuOutput>..\..\Output\11.0\$(Platform)\$(Config)</DCC_DcuOutput>
        <DCC_Description>Dext Framework - Core &amp; Infrastructure</DCC_Description>
        <DCC_ImageBase>00400000</DCC_ImageBase>
        <DCC_Namespace>System;Xml;Data;Datasnap;Web;Soap;$(DCC_Namespace)</DCC_Namespace>
        <DCC_OutputNeverBuildDcps>true</DCC_OutputNeverBuildDcps>
        <DCC_UnitSearchPath>..\..\Sources\Common;$(DCC_UnitSearchPath)</DCC_UnitSearchPath>
        <DllSuffix>180</DllSuffix>
        <GenDll>true</GenDll>
        <GenPackage>true</GenPackage>
        <RuntimeOnlyPackage>true</RuntimeOnlyPackage>
        <VerInfo_Keys>CompanyName=;FileDescription=;FileVersion=1.0.0.0;InternalName=;LegalCopyright=;LegalTrademarks=;OriginalFilename=;ProductName=;ProductVersion=1.0.0.0;Comments=;CFBundleName=</VerInfo_Keys>
        <VerInfo_Locale>1046</VerInfo_Locale>
    </PropertyGroup>
    <PropertyGroup Condition="'$(Base_Win32)'!=''">
        <BT_BuildType>Debug</BT_BuildType>
        <DCC_Namespace>Winapi;System.Win;Data.Win;Datasnap.Win;Web.Win;Soap.Win;Xml.Win;Bde;$(DCC_Namespace)</DCC_Namespace>
        <VerInfo_IncludeVerInfo>true</VerInfo_IncludeVerInfo>
        <VerInfo_Keys>CompanyName=;FileDescription=$(MSBuildProjectName);FileVersion=1.0.0.0;InternalName=;LegalCopyright=;LegalTrademarks=;OriginalFilename=;ProgramID=com.embarcadero.$(MSBuildProjectName);ProductName=$(MSBuildProjectName);ProductVersion=1.0.0.0;Comments=</VerInfo_Keys>
        <VerInfo_Locale>1033</VerInfo_Locale>
    </PropertyGroup>
    <PropertyGroup Condition="'$(Base_Win64)'!=''">
        <BT_BuildType>Debug</BT_BuildType>
        <DCC_Namespace>Winapi;System.Win;Data.Win;Datasnap.Win;Web.Win;Soap.Win;Xml.Win;$(DCC_Namespace)</DCC_Namespace>
        <VerInfo_IncludeVerInfo>true</VerInfo_IncludeVerInfo>
        <VerInfo_Keys>CompanyName=;FileDescription=$(MSBuildProjectName);FileVersion=1.0.0.0;InternalName=;LegalCopyright=;LegalTrademarks=;OriginalFilename=;ProgramID=com.embarcadero.$(MSBuildProjectName);ProductName=$(MSBuildProjectName);ProductVersion=1.0.0.0;Comments=</VerInfo_Keys>
        <VerInfo_Locale>1033</VerInfo_Locale>
    </PropertyGroup>
    <PropertyGroup Condition="'$(Cfg_1)'!=''">
        <DCC_DebugInformation>0</DCC_DebugInformation>
        <DCC_Define>RELEASE;$(DCC_Define)</DCC_Define>
        <DCC_LocalDebugSymbols>false</DCC_LocalDebugSymbols>
        <DCC_SymbolReferenceInfo>0</DCC_SymbolReferenceInfo>
    </PropertyGroup>
    <PropertyGroup Condition="'$(Cfg_2)'!=''">
        <DCC_Define>DEBUG;$(DCC_Define)</DCC_Define>
        <DCC_GenerateStackFrames>true</DCC_GenerateStackFrames>
        <DCC_IntegerOverflowCheck>true</DCC_IntegerOverflowCheck>
        <DCC_Optimize>false</DCC_Optimize>
        <DCC_RangeChecking>true</DCC_RangeChecking>
    </PropertyGroup>
    <ItemGroup>
        <DelphiCompile Include="$(MainSource)">
            <MainSource>MainSource</MainSource>
        </DelphiCompile>
        <DCCReference Include="rtl.dcp"/>
        <DCCReference Include="dbrtl.dcp"/>
        <DCCReference Include="..\..\Sources\Core\Base\Dext.Core.Activator.pas"/>
        <DCCReference Include="..\..\Sources\Core\Base\Dext.Core.Memory.pas"/>
        <DCCReference Include="..\..\Sources\Core\Dext.Threading.CancellationToken.pas"/>
        <DCCReference Include="..\..\Sources\Core\Base\Dext.Core.ValueConverters.pas"/>
        <DCCReference Include="..\..\Sources\Core\Base\Dext.Utils.pas"/>
        <DCCReference Include="..\..\Sources\Core\Base\Dext.Types.Nullable.pas"/>
        <DCCReference Include="..\..\Sources\Core\Base\Dext.Types.Lazy.pas"/>
        <DCCReference Include="..\..\Sources\Core\Json\Dext.Json.Driver.DextJsonDataObjects.pas"/>
        <DCCReference Include="..\..\Sources\Core\Json\Dext.Json.Driver.SystemJson.pas"/>
        <DCCReference Include="..\..\Sources\Core\Json\Dext.Core.Json.NextGen.pas"/>
        <DCCReference Include="..\..\Sources\Core\Json\DextJsonDataObjects.pas"/>
        <DCCReference Include="..\..\Sources\Core\Dext.Collections.Extensions.pas"/>
        <DCCReference Include="..\..\Sources\Core\Dext.Collections.Memory.pas"/>
        <DCCReference Include="..\..\Sources\Core\Dext.Collections.Raw.pas"/>
        <DCCReference Include="..\..\Sources\Core\Dext.Collections.Factory.pas"/>
        <DCCReference Include="..\..\Sources\Core\Dext.Collections.RawDict.pas"/>
        <DCCReference Include="..\..\Sources\Core\Dext.Collections.Dict.pas"/>
        <DCCReference Include="..\..\Sources\Core\Dext.Collections.RawOrderedDict.pas"/>
        <DCCReference Include="..\..\Sources\Core\Dext.Collections.OrderedDict.pas"/>
        <DCCReference Include="..\..\Sources\Core\Dext.Collections.Concurrent.pas"/>
        <DCCReference Include="..\..\Sources\Core\Dext.Collections.Channels.pas"/>
        <DCCReference Include="..\..\Sources\Core\Dext.Collections.Algorithms.pas"/>
        <DCCReference Include="..\..\Sources\Core\Dext.Collections.Simd.pas"/>
        <DCCReference Include="..\..\Sources\Core\Dext.Collections.Vector.pas"/>
        <DCCReference Include="..\..\Sources\Core\Dext.Collections.Pool.pas"/>
        <DCCReference Include="..\..\Sources\Core\Dext.Collections.pas"/>
        <DCCReference Include="..\..\Sources\Core\Dext.Configuration.Binder.pas"/>
        <DCCReference Include="..\..\Sources\Core\Dext.Configuration.EnvironmentVariables.pas"/>
        <DCCReference Include="..\..\Sources\Core\Dext.Configuration.Interfaces.pas"/>
        <DCCReference Include="..\..\Sources\Core\Dext.Configuration.Json.pas"/>
        <DCCReference Include="..\..\Sources\Core\Dext.DI.Comparers.pas"/>
        <DCCReference Include="..\..\Sources\Core\Dext.DI.Core.pas"/>
        <DCCReference Include="..\..\Sources\Core\Dext.DI.Interfaces.pas"/>
        <DCCReference Include="..\..\Sources\Core\Dext.Json.pas"/>
        <DCCReference Include="..\..\Sources\Core\Dext.Json.Types.pas"/>
        <DCCReference Include="..\..\Sources\Core\Dext.Options.Extensions.pas"/>
        <DCCReference Include="..\..\Sources\Core\Dext.Options.pas"/>
        <DCCReference Include="..\..\Sources\Core\Dext.pas"/>
        <DCCReference Include="..\..\Sources\Core\Dext.Specifications.Base.pas"/>
        <DCCReference Include="..\..\Sources\Core\Dext.Specifications.Evaluator.pas"/>
        <DCCReference Include="..\..\Sources\Core\Dext.Specifications.Fluent.pas"/>
        <DCCReference Include="..\..\Sources\Core\Dext.Specifications.Interfaces.pas"/>
        <DCCReference Include="..\..\Sources\Core\Dext.Specifications.OrderBy.pas"/>
        <DCCReference Include="..\..\Sources\Core\Dext.Specifications.Types.pas"/>
        <DCCReference Include="..\..\Sources\Core\Dext.Threading.Async.pas"/>
        <DCCReference Include="..\..\Sources\Core\Dext.Resilience.pas"/>
        <DCCReference Include="..\..\Sources\Core\Dext.Validation.pas"/>
        <DCCReference Include="..\..\Sources\Core\Base\Dext.Core.DateUtils.pas"/>
        <DCCReference Include="..\..\Sources\Core\Dext.Types.UUID.pas"/>
        <DCCReference Include="..\..\Sources\Core\Dext.MultiTenancy.pas"/>
        <DCCReference Include="..\..\Sources\Core\Dext.Hosting.AppState.pas"/>
        <DCCReference Include="..\..\Sources\Core\Dext.Hosting.BackgroundService.pas"/>
        <DCCReference Include="..\..\Sources\Core\Dext.Hosting.Events.pas"/>
        <DCCReference Include="..\..\Sources\Core\Dext.Hosting.ApplicationLifetime.pas"/>
        <DCCReference Include="..\..\Sources\Core\Base\Dext.Core.Span.pas"/>
        <DCCReference Include="..\..\Sources\Core\Json\Dext.Json.Utf8.pas"/>
        <DCCReference Include="..\..\Sources\Core\Json\Dext.Json.Utf8.Serializer.pas"/>
        <DCCReference Include="..\..\Sources\Core\Dext.Mapper.pas"/>
        <DCCReference Include="..\..\Sources\Core\Dext.DI.Attributes.pas"/>
        <DCCReference Include="..\..\Sources\Core\Dext.Core.SmartTypes.pas"/>
        <DCCReference Include="..\..\Sources\Core\Dext.Core.Reflection.pas"/>
        <DCCReference Include="..\..\Sources\Core\Base\Dext.Core.DirectAccess.pas"/>
        <DCCReference Include="..\..\Sources\Core\Dext.Core.TypeModel.pas"/>
        <DCCReference Include="..\..\Sources\Core\Dext.Codecs.Registry.pas"/>
        <DCCReference Include="..\..\Sources\Core\Dext.Configuration.Yaml.pas"/>
        <DCCReference Include="..\..\Sources\Core\Dext.Yaml.pas"/>
        <DCCReference Include="..\..\Sources\Core\Base\Dext.Core.Writers.pas"/>
        <DCCReference Include="..\..\Sources\Core\Dext.Http.StatusCodes.pas"/>
        <DCCReference Include="..\..\Sources\Core\Dext.Http.Request.pas"/>
        <DCCReference Include="..\..\Sources\Core\Dext.Http.Parser.pas"/>
        <DCCReference Include="..\..\Sources\Core\Dext.Logging.Console.pas"/>
        <DCCReference Include="..\..\Sources\Core\Dext.Logging.Global.pas"/>
        <DCCReference Include="..\..\Sources\Core\Dext.Logging.Sinks.Sidecar.pas"/>
        <DCCReference Include="..\..\Sources\Core\Dext.Logging.Async.pas"/>
        <DCCReference Include="..\..\Sources\Core\Dext.Logging.Sinks.pas"/>
        <DCCReference Include="..\..\Sources\Core\Dext.Logging.RingBuffer.pas"/>
        <DCCReference Include="..\..\Sources\Core\Interception\Dext.Interception.pas"/>
        <DCCReference Include="..\..\Sources\Core\Interception\Dext.Interception.Proxy.pas"/>
        <DCCReference Include="..\..\Sources\Core\Interception\Dext.Interception.ClassProxy.pas"/>
        <DCCReference Include="..\..\Sources\Core\Dext.Logging.pas"/>
        <DCCReference Include="..\..\Sources\Core\Dext.Telemetry.Context.pas"/>
        <DCCReference Include="..\..\Sources\Core\Dext.Collections.Comparers.pas"/>
        <DCCReference Include="..\..\Sources\Core\Dext.Collections.Base.pas"/>
        <DCCReference Include="..\..\Sources\Core\Dext.Collections.Frozen.pas"/>
        <DCCReference Include="..\..\Sources\Core\Dext.Collections.HashSet.pas"/>
        <DCCReference Include="..\..\Sources\Core\Dext.Collections.Queue.pas"/>
        <DCCReference Include="..\..\Sources\Core\Dext.Collections.Stack.pas"/>
        <DCCReference Include="..\..\Sources\Core\Dext.Core.Enums.pas"/>
        <DCCReference Include="..\..\Sources\Debug\Dext.Core.Debug.pas"/>
        <DCCReference Include="..\..\Sources\Core\Base\Dext.Templating.pas"/>
        <DCCReference Include="..\..\Sources\Events\Dext.Events.Interfaces.pas"/>
        <DCCReference Include="..\..\Sources\Core\Base\Dext.Text.Escaping.pas"/>
        <DCCReference Include="..\..\Sources\Core\Dext.Logging.Extensions.pas"/>
        <DCCReference Include="..\..\Sources\Core\Base\Dext.Logging.Telemetry.pas"/>
        <DCCReference Include="..\..\Sources\Core\Base\Dext.Logging.Tracing.pas"/>
        <DCCReference Include="..\..\Sources\Core\Dext.Threading.Sync.pas"/>
        <DCCReference Include="..\..\Sources\Core\Dext.Threading.ProcessorGroups.pas"/>
        <DCCReference Include="..\..\Sources\Core\Base\Dext.Telemetry.Metrics.pas"/>
        <DCCReference Include="..\..\Sources\Core\Dext.BackgroundJobs.Intf.pas"/>
        <DCCReference Include="..\..\Sources\Core\Dext.BackgroundJobs.Storage.InMemory.pas"/>
        <DCCReference Include="..\..\Sources\Core\Dext.BackgroundJobs.Config.pas"/>
        <DCCReference Include="..\..\Sources\Core\Dext.BackgroundJobs.Server.pas"/>
        <DCCReference Include="..\..\Sources\Core\Dext.Configuration.Core.pas"/>
        <DCCReference Include="..\..\Sources\Core\Dext.Grpc.Attributes.pas"/>
        <DCCReference Include="..\..\Sources\Core\Dext.Serialization.Protobuf.pas"/>
        <BuildConfiguration Include="Base">
            <Key>Base</Key>
        </BuildConfiguration>
        <BuildConfiguration Include="Release">
            <Key>Cfg_1</Key>
            <CfgParent>Base</CfgParent>
        </BuildConfiguration>
        <BuildConfiguration Include="Debug">
            <Key>Cfg_2</Key>
            <CfgParent>Base</CfgParent>
        </BuildConfiguration>
    </ItemGroup>
    <ProjectExtensions>
        <Borland.Personality>Delphi.Personality.12</Borland.Personality>
        <Borland.ProjectType>Package</Borland.ProjectType>
        <BorlandProject>
            <Delphi.Personality>
                <Source>
                    <Source Name="MainSource">Dext.Core.dpk</Source>
                </Source>
                <Excluded_Packages/>
            </Delphi.Personality>
            <Platforms>
                <Platform value="Android">False</Platform>
                <Platform value="Android64">False</Platform>
                <Platform value="Linux64">True</Platform>
                <Platform value="OSX64">False</Platform>
                <Platform value="OSXARM64">False</Platform>
                <Platform value="Win32">True</Platform>
                <Platform value="Win64">True</Platform>
                <Platform value="Win64x">False</Platform>
                <Platform value="WinARM64EC">False</Platform>
                <Platform value="iOSDevice64">False</Platform>
                <Platform value="iOSSimARM64">False</Platform>
            </Platforms>
        </BorlandProject>
        <ProjectFileVersion>12</ProjectFileVersion>
    </ProjectExtensions>
    <Import Project="$(BDS)\Bin\CodeGear.Delphi.Targets" Condition="Exists('$(BDS)\Bin\CodeGear.Delphi.Targets')"/>
    <Import Project="$(APPDATA)\Embarcadero\$(BDSAPPDATABASEDIR)\$(PRODUCTVERSION)\UserTools.proj" Condition="Exists('$(APPDATA)\Embarcadero\$(BDSAPPDATABASEDIR)\$(PRODUCTVERSION)\UserTools.proj')"/>
    <Import Project="$(MSBuildProjectName).deployproj" Condition="Exists('$(MSBuildProjectName).deployproj')"/>
</Project>
